
Microsoft Visual Studio Solution File, Format Version 12.00
# Visual Studio 15
VisualStudioVersion = 15.0.28307.421
MinimumVisualStudioVersion = 10.0.40219.1
Project("{FAE04EC0-301F-11D3-BF4B-00C04F79EFBC}") = "DNDEncounterGen", "DNDEncounterGen\DNDEncounterGen.csproj", "{F60E969F-BF81-40C1-9877-A6BD90A9223B}"
EndProject
Global
	GlobalSection(SolutionConfigurationPlatforms) = preSolution
		Debug|Any CPU = Debug|Any CPU
		Release|Any CPU = Release|Any CPU
	EndGlobalSection
	GlobalSection(ProjectConfigurationPlatforms) = postSolution
		{F60E969F-BF81-40C1-9877-A6BD90A9223B}.Debug|Any CPU.ActiveCfg = Debug|Any CPU
		{F60E969F-BF81-40C1-9877-A6BD90A9223B}.Debug|Any CPU.Build.0 = Debug|Any CPU
		{F60E969F-BF81-40C1-9877-A6BD90A9223B}.Release|Any CPU.ActiveCfg = Release|Any CPU
		{F60E969F-BF81-40C1-9877-A6BD90A9223B}.Release|Any CPU.Build.0 = Release|Any CPU
	EndGlobalSection
	GlobalSection(SolutionProperties) = preSolution
		HideSolutionNode = FALSE
	EndGlobalSection
	GlobalSection(ExtensibilityGlobals) = postSolution
		SolutionGuid = {ACA33FC7-B60B-4D48-9395-5575F2084AB7}
	EndGlobalSection
EndGlobal
